
Microsoft Visual Studio Solution File, Format Version 12.00
# Visual Studio 15
VisualStudioVersion = 15.0.27703.2035
MinimumVisualStudioVersion = 10.0.40219.1
Project("{FAE04EC0-301F-11D3-BF4B-00C04F79EFBC}") = "todo-pwa", "todo-pwa\todo-pwa.csproj", "{8828AD0B-5CCD-4E61-82F9-DE43973E0045}"
EndProject
Global
	GlobalSection(SolutionConfigurationPlatforms) = preSolution
		Debug|Any CPU = Debug|Any CPU
		Release|Any CPU = Release|Any CPU
	EndGlobalSection
	GlobalSection(ProjectConfigurationPlatforms) = postSolution
		{8828AD0B-5CCD-4E61-82F9-DE43973E0045}.Debug|Any CPU.ActiveCfg = Debug|Any CPU
		{8828AD0B-5CCD-4E61-82F9-DE43973E0045}.Debug|Any CPU.Build.0 = Debug|Any CPU
		{8828AD0B-5CCD-4E61-82F9-DE43973E0045}.Release|Any CPU.ActiveCfg = Release|Any CPU
		{8828AD0B-5CCD-4E61-82F9-DE43973E0045}.Release|Any CPU.Build.0 = Release|Any CPU
	EndGlobalSection
	GlobalSection(SolutionProperties) = preSolution
		HideSolutionNode = FALSE
	EndGlobalSection
	GlobalSection(ExtensibilityGlobals) = postSolution
		SolutionGuid = {60E72187-D57C-483A-84F1-3DF7B45154E2}
	EndGlobalSection
EndGlobal
